{
  "name": "posthog-ilert-plugin",
  "version": "0.0.1",
  "lockfileVersion": 3,
  "requires": true,
  "packages": {
    "": {
      "name": "posthog-ilert-plugin",
      "version": "0.0.1",
      "license": "MIT",
      "devDependencies": {
        "@posthog/plugin-scaffold": "0.10.0"
      }
    },
    "node_modules/@posthog/plugin-scaffold": {
      "version": "0.10.0",
      "resolved": "https://registry.npmjs.org/@posthog/plugin-scaffold/-/plugin-scaffold-0.10.0.tgz",
      "integrity": "sha512-c8lNzQTBMJ0X3SCjcaD+mXZIx2thc+ptf8G4gbfT9YBFFD6TMaxs+/APMUab2aRJRbVwOsCGj9poxwuF4wxPpA==",
      "dev": true
    }
  }
}
